
Microsoft Visual Studio Solution File, Format Version 12.00
# Visual Studio Version 17
VisualStudioVersion = 17.12.35707.178
MinimumVisualStudioVersion = 10.0.40219.1
Project("{FAE04EC0-301F-11D3-BF4B-00C04F79EFBC}") = "JotasAtrapalhanciaPortal", "JotasAtrapalhanciaPortal.csproj", "{023ACA1F-FED9-4BAA-A664-AB542E750F7C}"
EndProject
Project("{FAE04EC0-301F-11D3-BF4B-00C04F79EFBC}") = "AtrapalhanciaHandler", "Headless\AtrapalhanciaHandler\AtrapalhanciaHandler.csproj", "{9FA12866-243F-4C6E-B86B-D80F45B6978C}"
EndProject
Project("{2150E333-8FDC-42A3-9474-1A3956D46DE8}") = "Headless", "Headless", "{F49F68B0-1541-4BFB-84E2-C6AAA6B54D43}"
EndProject
Project("{FAE04EC0-301F-11D3-BF4B-00C04F79EFBC}") = "InvasionHandler", "Headless\InvasionHandler\InvasionHandler.csproj", "{B53A4DCA-FE90-4CD9-895D-243A8EBB0A0E}"
EndProject
Project("{FAE04EC0-301F-11D3-BF4B-00C04F79EFBC}") = "Shared", "Headless\Shared\Shared.csproj", "{95BE018A-6CD1-46E1-B045-B58A98862946}"
EndProject
Project("{FAE04EC0-301F-11D3-BF4B-00C04F79EFBC}") = "ScreenshotHandler", "Headless\ScreenshotHandler\ScreenshotHandler.csproj", "{E8F3ED8A-AF60-4680-A52E-1D79FCBBA2AF}"
EndProject
Project("{2150E333-8FDC-42A3-9474-1A3956D46DE8}") = "SharedProjects", "SharedProjects", "{F4C115C6-1BC9-4F6F-9D66-DAAF408AE32B}"
EndProject
Project("{FAE04EC0-301F-11D3-BF4B-00C04F79EFBC}") = "FirebaseHandler", "Headless\FirebaseHandler\FirebaseHandler.csproj", "{25726FA9-2E95-42C5-B5B9-2AEB07F7F518}"
EndProject
Project("{FAE04EC0-301F-11D3-BF4B-00C04F79EFBC}") = "TwitchHandler", "Headless\TwitchHandler\TwitchHandler.csproj", "{C3F96AB6-F12F-4624-A958-9430C4AF81B6}"
EndProject
Project("{FAE04EC0-301F-11D3-BF4B-00C04F79EFBC}") = "AtrapalhanciaDatabase", "Headless\AtrapalhanciaDatabase\AtrapalhanciaDatabase.csproj", "{39107BDE-30E0-4898-B427-B43712A1DEA2}"
EndProject
Project("{FAE04EC0-301F-11D3-BF4B-00C04F79EFBC}") = "AtrapalhanciaWebSocket", "Headless\AtrapalhanciaWebSocket\AtrapalhanciaWebSocket.csproj", "{7267B50E-E0B3-4A58-AAED-318B330627E0}"
EndProject
Global
	GlobalSection(SolutionConfigurationPlatforms) = preSolution
		Debug|Any CPU = Debug|Any CPU
		Release|Any CPU = Release|Any CPU
	EndGlobalSection
	GlobalSection(ProjectConfigurationPlatforms) = postSolution
		{023ACA1F-FED9-4BAA-A664-AB542E750F7C}.Debug|Any CPU.ActiveCfg = Debug|Any CPU
		{023ACA1F-FED9-4BAA-A664-AB542E750F7C}.Debug|Any CPU.Build.0 = Debug|Any CPU
		{023ACA1F-FED9-4BAA-A664-AB542E750F7C}.Release|Any CPU.ActiveCfg = Release|Any CPU
		{023ACA1F-FED9-4BAA-A664-AB542E750F7C}.Release|Any CPU.Build.0 = Release|Any CPU
		{9FA12866-243F-4C6E-B86B-D80F45B6978C}.Debug|Any CPU.ActiveCfg = Debug|Any CPU
		{9FA12866-243F-4C6E-B86B-D80F45B6978C}.Debug|Any CPU.Build.0 = Debug|Any CPU
		{9FA12866-243F-4C6E-B86B-D80F45B6978C}.Release|Any CPU.ActiveCfg = Release|Any CPU
		{9FA12866-243F-4C6E-B86B-D80F45B6978C}.Release|Any CPU.Build.0 = Release|Any CPU
		{B53A4DCA-FE90-4CD9-895D-243A8EBB0A0E}.Debug|Any CPU.ActiveCfg = Debug|Any CPU
		{B53A4DCA-FE90-4CD9-895D-243A8EBB0A0E}.Debug|Any CPU.Build.0 = Debug|Any CPU
		{B53A4DCA-FE90-4CD9-895D-243A8EBB0A0E}.Release|Any CPU.ActiveCfg = Release|Any CPU
		{B53A4DCA-FE90-4CD9-895D-243A8EBB0A0E}.Release|Any CPU.Build.0 = Release|Any CPU
		{95BE018A-6CD1-46E1-B045-B58A98862946}.Debug|Any CPU.ActiveCfg = Debug|Any CPU
		{95BE018A-6CD1-46E1-B045-B58A98862946}.Debug|Any CPU.Build.0 = Debug|Any CPU
		{95BE018A-6CD1-46E1-B045-B58A98862946}.Release|Any CPU.ActiveCfg = Release|Any CPU
		{95BE018A-6CD1-46E1-B045-B58A98862946}.Release|Any CPU.Build.0 = Release|Any CPU
		{E8F3ED8A-AF60-4680-A52E-1D79FCBBA2AF}.Debug|Any CPU.ActiveCfg = Debug|Any CPU
		{E8F3ED8A-AF60-4680-A52E-1D79FCBBA2AF}.Debug|Any CPU.Build.0 = Debug|Any CPU
		{E8F3ED8A-AF60-4680-A52E-1D79FCBBA2AF}.Release|Any CPU.ActiveCfg = Release|Any CPU
		{E8F3ED8A-AF60-4680-A52E-1D79FCBBA2AF}.Release|Any CPU.Build.0 = Release|Any CPU
		{25726FA9-2E95-42C5-B5B9-2AEB07F7F518}.Debug|Any CPU.ActiveCfg = Debug|Any CPU
		{25726FA9-2E95-42C5-B5B9-2AEB07F7F518}.Debug|Any CPU.Build.0 = Debug|Any CPU
		{25726FA9-2E95-42C5-B5B9-2AEB07F7F518}.Release|Any CPU.ActiveCfg = Release|Any CPU
		{25726FA9-2E95-42C5-B5B9-2AEB07F7F518}.Release|Any CPU.Build.0 = Release|Any CPU
		{C3F96AB6-F12F-4624-A958-9430C4AF81B6}.Debug|Any CPU.ActiveCfg = Debug|Any CPU
		{C3F96AB6-F12F-4624-A958-9430C4AF81B6}.Debug|Any CPU.Build.0 = Debug|Any CPU
		{C3F96AB6-F12F-4624-A958-9430C4AF81B6}.Release|Any CPU.ActiveCfg = Release|Any CPU
		{C3F96AB6-F12F-4624-A958-9430C4AF81B6}.Release|Any CPU.Build.0 = Release|Any CPU
		{39107BDE-30E0-4898-B427-B43712A1DEA2}.Debug|Any CPU.ActiveCfg = Debug|Any CPU
		{39107BDE-30E0-4898-B427-B43712A1DEA2}.Debug|Any CPU.Build.0 = Debug|Any CPU
		{39107BDE-30E0-4898-B427-B43712A1DEA2}.Release|Any CPU.ActiveCfg = Release|Any CPU
		{39107BDE-30E0-4898-B427-B43712A1DEA2}.Release|Any CPU.Build.0 = Release|Any CPU
		{7267B50E-E0B3-4A58-AAED-318B330627E0}.Debug|Any CPU.ActiveCfg = Debug|Any CPU
		{7267B50E-E0B3-4A58-AAED-318B330627E0}.Debug|Any CPU.Build.0 = Debug|Any CPU
		{7267B50E-E0B3-4A58-AAED-318B330627E0}.Release|Any CPU.ActiveCfg = Release|Any CPU
		{7267B50E-E0B3-4A58-AAED-318B330627E0}.Release|Any CPU.Build.0 = Release|Any CPU
	EndGlobalSection
	GlobalSection(SolutionProperties) = preSolution
		HideSolutionNode = FALSE
	EndGlobalSection
	GlobalSection(NestedProjects) = preSolution
		{9FA12866-243F-4C6E-B86B-D80F45B6978C} = {F49F68B0-1541-4BFB-84E2-C6AAA6B54D43}
		{B53A4DCA-FE90-4CD9-895D-243A8EBB0A0E} = {F49F68B0-1541-4BFB-84E2-C6AAA6B54D43}
		{95BE018A-6CD1-46E1-B045-B58A98862946} = {F4C115C6-1BC9-4F6F-9D66-DAAF408AE32B}
		{E8F3ED8A-AF60-4680-A52E-1D79FCBBA2AF} = {F49F68B0-1541-4BFB-84E2-C6AAA6B54D43}
		{F4C115C6-1BC9-4F6F-9D66-DAAF408AE32B} = {F49F68B0-1541-4BFB-84E2-C6AAA6B54D43}
		{25726FA9-2E95-42C5-B5B9-2AEB07F7F518} = {F4C115C6-1BC9-4F6F-9D66-DAAF408AE32B}
		{C3F96AB6-F12F-4624-A958-9430C4AF81B6} = {F49F68B0-1541-4BFB-84E2-C6AAA6B54D43}
		{39107BDE-30E0-4898-B427-B43712A1DEA2} = {F4C115C6-1BC9-4F6F-9D66-DAAF408AE32B}
		{7267B50E-E0B3-4A58-AAED-318B330627E0} = {F4C115C6-1BC9-4F6F-9D66-DAAF408AE32B}
	EndGlobalSection
EndGlobal
